github.com/Fipaan/ap2-uni-op-gen v0.1.9 h1:uQ7GYXudpCkMkr4YaoiTXCNGxcFXMp3oWECdY6ANP3s=
github.com/Fipaan/ap2-uni-op-gen v0.1.9/go.mod h1:VKhU8YvE/PiZKqXP72gbOBNl+F50IMVLXRwbbQaBev0=
github.com/Fipaan/ap2-uni/config v0.0.0-20260502224801-b8aba3737921 h1:v/duxmSe9sL22oV7DtSXFFSyf7xO5UEHKXwwY5Y5Uhc=
github.com/Fipaan/ap2-uni/config v0.0.0-20260502224801-b8aba3737921/go.mod h1:tbblSDpHLfyWIKok1r4nKD5ttboC4NL/qF0OnLfk8zA=
github.com/Fipaan/ap2-uni/config v0.0.0-20260513101136-d0c7a0b7864b h1:sloonujZfC/wcqy7kHluGJlHKurDr1ZeYAgG/WL3Apc=
github.com/Fipaan/ap2-uni/config v0.0.0-20260513101136-d0c7a0b7864b/go.mod h1:tbblSDpHLfyWIKok1r4nKD5ttboC4NL/qF0OnLfk8zA=
github.com/Fipaan/ap2-uni/config v0.0.0-20260513103815-3e6655541c6f h1:dRvff4ZDJcZmKxUjrQjXmc0k43a4w6bQetrYztIX3a4=
github.com/Fipaan/ap2-uni/config v0.0.0-20260513103815-3e6655541c6f/go.mod h1:tbblSDpHLfyWIKok1r4nKD5ttboC4NL/qF0OnLfk8zA=
github.com/Fipaan/lib.go v0.1.1 h1:TA+go9zXIK0gvsQl9EmrxrgQd6BCF9gg5psiBBxOjjE=
github.com/Fipaan/lib.go v0.1.1/go.mod h1:kYgTqczdY1SYLTgfJIZSUxh7fGxtICRB+zltV3j0pvE=
github.com/Fipaan/nob.go v0.1.1 h1:PxxlLaaGPwlxwLgY98oiQRIB4d3G8FWpNI3jU+bIoG0=
github.com/Fipaan/nob.go v0.1.1/go.mod h1:Auu33fol6Xw57Qo/ooGkNsbwokxsclcmviSOJSKv/Es=
